// !$*UTF8*$!
{
	archiveVersion = 1;
	classes = {
	};
	objectVersion = 51;
	objects = {

/* Begin PBXBuildFile section */
		9D599A3023EF711300782414 /* AppDelegate.swift in Sources */ = {isa = PBXBuildFile; fileRef = 9D599A2F23EF711300782414 /* AppDelegate.swift */; };
		9D599A3923EF711400782414 /* Assets.xcassets in Resources */ = {isa = PBXBuildFile; fileRef = 9D599A3823EF711400782414 /* Assets.xcassets */; };
		9D599A3C23EF711400782414 /* LaunchScreen.storyboard in Resources */ = {isa = PBXBuildFile; fileRef = 9D599A3A23EF711400782414 /* LaunchScreen.storyboard */; };
		9D8D9AA223EF7AD300C16793 /* PageContentViewController.swift in Sources */ = {isa = PBXBuildFile; fileRef = 9D8D9AA123EF7AD300C16793 /* PageContentViewController.swift */; };
		9D8D9AA423EF83FC00C16793 /* MainViewController.swift in Sources */ = {isa = PBXBuildFile; fileRef = 9D8D9AA323EF83FC00C16793 /* MainViewController.swift */; };
		9DAB478723F1312900F434BA /* Main.storyboard in Resources */ = {isa = PBXBuildFile; fileRef = 9DAB478623F1312900F434BA /* Main.storyboard */; };
		EF3347B40EF6F4D25F7D7AF1 /* Pods_PagesAndPages.framework in Frameworks */ = {isa = PBXBuildFile; fileRef = A5952EBAE89550ADB1EB8401 /* Pods_PagesAndPages.framework */; };
/* End PBXBuildFile section */

/* Begin PBXFileReference section */
		3CEE4F2B1C917BADDABC0C1A /* Pods-PagesAndPages.release.xcconfig */ = {isa = PBXFileReference; includeInIndex = 1; lastKnownFileType = text.xcconfig; name = "Pods-PagesAndPages.release.xcconfig"; path = "Target Support Files/Pods-PagesAndPages/Pods-PagesAndPages.release.xcconfig"; sourceTree = "<group>"; };
		9D599A2C23EF711300782414 /* PagesAndPages.app */ = {isa = PBXFileReference; explicitFileType = wrapper.application; includeInIndex = 0; path = PagesAndPages.app; sourceTree = BUILT_PRODUCTS_DIR; };
		9D599A2F23EF711300782414 /* AppDelegate.swift */ = {isa = PBXFileReference; lastKnownFileType = sourcecode.swift; path = AppDelegate.swift; sourceTree = "<group>"; };
		9D599A3823EF711400782414 /* Assets.xcassets */ = {isa = PBXFileReference; lastKnownFileType = folder.assetcatalog; path = Assets.xcassets; sourceTree = "<group>"; };
		9D599A3B23EF711400782414 /* Base */ = {isa = PBXFileReference; lastKnownFileType = file.storyboard; name = Base; path = Base.lproj/LaunchScreen.storyboard; sourceTree = "<group>"; };
		9D599A3D23EF711400782414 /* Info.plist */ = {isa = PBXFileReference; lastKnownFileType = text.plist.xml; path = Info.plist; sourceTree = "<group>"; };
		9D8D9AA123EF7AD300C16793 /* PageContentViewController.swift */ = {isa = PBXFileReference; lastKnownFileType = sourcecode.swift; path = PageContentViewController.swift; sourceTree = "<group>"; };
		9D8D9AA323EF83FC00C16793 /* MainViewController.swift */ = {isa = PBXFileReference; lastKnownFileType = sourcecode.swift; path = MainViewController.swift; sourceTree = "<group>"; };
		9DAB478623F1312900F434BA /* Main.storyboard */ = {isa = PBXFileReference; lastKnownFileType = file.storyboard; path = Main.storyboard; sourceTree = "<group>"; };
		A5952EBAE89550ADB1EB8401 /* Pods_PagesAndPages.framework */ = {isa = PBXFileReference; explicitFileType = wrapper.framework; includeInIndex = 0; path = Pods_PagesAndPages.framework; sourceTree = BUILT_PRODUCTS_DIR; };
		B8D43C923964D2467F8A4214 /* Pods-PagesAndPages.debug.xcconfig */ = {isa = PBXFileReference; includeInIndex = 1; lastKnownFileType = text.xcconfig; name = "Pods-PagesAndPages.debug.xcconfig"; path = "Target Support Files/Pods-PagesAndPages/Pods-PagesAndPages.debug.xcconfig"; sourceTree = "<group>"; };
/* End PBXFileReference section */

/* Begin PBXFrameworksBuildPhase section */
		9D599A2923EF711300782414 /* Frameworks */ = {
			isa = PBXFrameworksBuildPhase;
			buildActionMask = 2147483647;
			files = (
				EF3347B40EF6F4D25F7D7AF1 /* Pods_PagesAndPages.framework in Frameworks */,
			);
			runOnlyForDeploymentPostprocessing = 0;
		};
/* End PBXFrameworksBuildPhase section */

/* Begin PBXGroup section */
		8C75702D58BEA3323B5170DD /* Pods */ = {
			isa = PBXGroup;
			children = (
				B8D43C923964D2467F8A4214 /* Pods-PagesAndPages.debug.xcconfig */,
				3CEE4F2B1C917BADDABC0C1A /* Pods-PagesAndPages.release.xcconfig */,
			);
			path = Pods;
			sourceTree = "<group>";
		};
		9D599A2323EF711300782414 = {
			isa = PBXGroup;
			children = (
				9D599A4523EF71DE00782414 /* Resources */,
				9D599A2E23EF711300782414 /* Sources */,
				AB1F8D83F8C19599C0531B02 /* Frameworks */,
				8C75702D58BEA3323B5170DD /* Pods */,
				9D599A2D23EF711300782414 /* Products */,
			);
			sourceTree = "<group>";
		};
		9D599A2D23EF711300782414 /* Products */ = {
			isa = PBXGroup;
			children = (
				9D599A2C23EF711300782414 /* PagesAndPages.app */,
			);
			name = Products;
			sourceTree = "<group>";
		};
		9D599A2E23EF711300782414 /* Sources */ = {
			isa = PBXGroup;
			children = (
				9D599A2F23EF711300782414 /* AppDelegate.swift */,
				9D8D9AA323EF83FC00C16793 /* MainViewController.swift */,
				9D8D9AA123EF7AD300C16793 /* PageContentViewController.swift */,
			);
			path = Sources;
			sourceTree = "<group>";
		};
		9D599A4523EF71DE00782414 /* Resources */ = {
			isa = PBXGroup;
			children = (
				9D599A3823EF711400782414 /* Assets.xcassets */,
				9D599A3D23EF711400782414 /* Info.plist */,
				9D599A3A23EF711400782414 /* LaunchScreen.storyboard */,
				9DAB478623F1312900F434BA /* Main.storyboard */,
			);
			path = Resources;
			sourceTree = "<group>";
		};
		AB1F8D83F8C19599C0531B02 /* Frameworks */ = {
			isa = PBXGroup;
			children = (
				A5952EBAE89550ADB1EB8401 /* Pods_PagesAndPages.framework */,
			);
			name = Frameworks;
			sourceTree = "<group>";
		};
/* End PBXGroup section */

/* Begin PBXNativeTarget section */
		9D599A2B23EF711300782414 /* PagesAndPages */ = {
			isa = PBXNativeTarget;
			buildConfigurationList = 9D599A4023EF711400782414 /* Build configuration list for PBXNativeTarget "PagesAndPages" */;
			buildPhases = (
				5D443B5A488F6BEAC3E0AE53 /* [CP] Check Pods Manifest.lock */,
				9D599A2823EF711300782414 /* Sources */,
				9D599A2923EF711300782414 /* Frameworks */,
				9D599A2A23EF711300782414 /* Resources */,
				03C3AD1929E0A55C01B8D9CC /* [CP] Embed Pods Frameworks */,
			);
			buildRules = (
			);
			dependencies = (
			);
			name = PagesAndPages;
			productName = PagesAndPages;
			productReference = 9D599A2C23EF711300782414 /* PagesAndPages.app */;
			productType = "com.apple.product-type.application";
		};
/* End PBXNativeTarget section */

/* Begin PBXProject section */
		9D599A2423EF711300782414 /* Project object */ = {
			isa = PBXProject;
			attributes = {
				LastSwiftUpdateCheck = 1130;
				LastUpgradeCheck = 1130;
				ORGANIZATIONNAME = "Dan Poggi";
				TargetAttributes = {
					9D599A2B23EF711300782414 = {
						CreatedOnToolsVersion = 11.3.1;
					};
				};
			};
			buildConfigurationList = 9D599A2723EF711300782414 /* Build configuration list for PBXProject "PagesAndPages" */;
			compatibilityVersion = "Xcode 9.3";
			developmentRegion = en;
			hasScannedForEncodings = 0;
			knownRegions = (
				en,
				Base,
			);
			mainGroup = 9D599A2323EF711300782414;
			productRefGroup = 9D599A2D23EF711300782414 /* Products */;
			projectDirPath = "";
			projectRoot = "";
			targets = (
				9D599A2B23EF711300782414 /* PagesAndPages */,
			);
		};
/* End PBXProject section */

/* Begin PBXResourcesBuildPhase section */
		9D599A2A23EF711300782414 /* Resources */ = {
			isa = PBXResourcesBuildPhase;
			buildActionMask = 2147483647;
			files = (
				9DAB478723F1312900F434BA /* Main.storyboard in Resources */,
				9D599A3C23EF711400782414 /* LaunchScreen.storyboard in Resources */,
				9D599A3923EF711400782414 /* Assets.xcassets in Resources */,
			);
			runOnlyForDeploymentPostprocessing = 0;
		};
/* End PBXResourcesBuildPhase section */

/* Begin PBXShellScriptBuildPhase section */
		03C3AD1929E0A55C01B8D9CC /* [CP] Embed Pods Frameworks */ = {
			isa = PBXShellScriptBuildPhase;
			buildActionMask = 2147483647;
			files = (
			);
			inputFileListPaths = (
				"${PODS_ROOT}/Target Support Files/Pods-PagesAndPages/Pods-PagesAndPages-frameworks-${CONFIGURATION}-input-files.xcfilelist",
			);
			name = "[CP] Embed Pods Frameworks";
			outputFileListPaths = (
				"${PODS_ROOT}/Target Support Files/Pods-PagesAndPages/Pods-PagesAndPages-frameworks-${CONFIGURATION}-output-files.xcfilelist",
			);
			runOnlyForDeploymentPostprocessing = 0;
			shellPath = /bin/sh;
			shellScript = "\"${PODS_ROOT}/Target Support Files/Pods-PagesAndPages/Pods-PagesAndPages-frameworks.sh\"\n";
			showEnvVarsInLog = 0;
		};
		5D443B5A488F6BEAC3E0AE53 /* [CP] Check Pods Manifest.lock */ = {
			isa = PBXShellScriptBuildPhase;
			buildActionMask = 2147483647;
			files = (
			);
			inputFileListPaths = (
			);
			inputPaths = (
				"${PODS_PODFILE_DIR_PATH}/Podfile.lock",
				"${PODS_ROOT}/Manifest.lock",
			);
			name = "[CP] Check Pods Manifest.lock";
			outputFileListPaths = (
			);
			outputPaths = (
				"$(DERIVED_FILE_DIR)/Pods-PagesAndPages-checkManifestLockResult.txt",
			);
			runOnlyForDeploymentPostprocessing = 0;
			shellPath = /bin/sh;
			shellScript = "diff \"${PODS_PODFILE_DIR_PATH}/Podfile.lock\" \"${PODS_ROOT}/Manifest.lock\" > /dev/null\nif [ $? != 0 ] ; then\n    # print error to STDERR\n    echo \"error: The sandbox is not in sync with the Podfile.lock. Run 'pod install' or update your CocoaPods installation.\" >&2\n    exit 1\nfi\n# This output is used by Xcode 'outputs' to avoid re-running this script phase.\necho \"SUCCESS\" > \"${SCRIPT_OUTPUT_FILE_0}\"\n";
			showEnvVarsInLog = 0;
		};
/* End PBXShellScriptBuildPhase section */

/* Begin PBXSourcesBuildPhase section */
		9D599A2823EF711300782414 /* Sources */ = {
			isa = PBXSourcesBuildPhase;
			buildActionMask = 2147483647;
			files = (
				9D8D9AA223EF7AD300C16793 /* PageContentViewController.swift in Sources */,
				9D599A3023EF711300782414 /* AppDelegate.swift in Sources */,
				9D8D9AA423EF83FC00C16793 /* MainViewController.swift in Sources */,
			);
			runOnlyForDeploymentPostprocessing = 0;
		};
/* End PBXSourcesBuildPhase section */

/* Begin PBXVariantGroup section */
		9D599A3A23EF711400782414 /* LaunchScreen.storyboard */ = {
			isa = PBXVariantGroup;
			children = (
				9D599A3B23EF711400782414 /* Base */,
			);
			name = LaunchScreen.storyboard;
			sourceTree = "<group>";
		};
/* End PBXVariantGroup section */

/* Begin XCBuildConfiguration section */
		9D599A3E23EF711400782414 /* Debug */ = {
			isa = XCBuildConfiguration;
			buildSettings = {
				ALWAYS_SEARCH_USER_PATHS = NO;
				CLANG_ANALYZER_NONNULL = YES;
				CLANG_ANALYZER_NUMBER_OBJECT_CONVERSION = YES_AGGRESSIVE;
				CLANG_CXX_LANGUAGE_STANDARD = "gnu++14";
				CLANG_CXX_LIBRARY = "libc++";
				CLANG_ENABLE_MODULES = YES;
				CLANG_ENABLE_OBJC_ARC = YES;
				CLANG_ENABLE_OBJC_WEAK = YES;
				CLANG_WARN_BLOCK_CAPTURE_AUTORELEASING = YES;
				CLANG_WARN_BOOL_CONVERSION = YES;
				CLANG_WARN_COMMA = YES;
				CLANG_WARN_CONSTANT_CONVERSION = YES;
				CLANG_WARN_DEPRECATED_OBJC_IMPLEMENTATIONS = YES;
				CLANG_WARN_DIRECT_OBJC_ISA_USAGE = YES_ERROR;
				CLANG_WARN_DOCUMENTATION_COMMENTS = YES;
				CLANG_WARN_EMPTY_BODY = YES;
				CLANG_WARN_ENUM_CONVERSION = YES;
				CLANG_WARN_INFINITE_RECURSION = YES;
				CLANG_WARN_INT_CONVERSION = YES;
				CLANG_WARN_NON_LITERAL_NULL_CONVERSION = YES;
				CLANG_WARN_OBJC_IMPLICIT_RETAIN_SELF = YES;
				CLANG_WARN_OBJC_LITERAL_CONVERSION = YES;
				CLANG_WARN_OBJC_ROOT_CLASS = YES_ERROR;
				CLANG_WARN_RANGE_LOOP_ANALYSIS = YES;
				CLANG_WARN_STRICT_PROTOTYPES = YES;
				CLANG_WARN_SUSPICIOUS_MOVE = YES;
				CLANG_WARN_UNGUARDED_AVAILABILITY = YES_AGGRESSIVE;
				CLANG_WARN_UNREACHABLE_CODE = YES;
				CLANG_WARN__DUPLICATE_METHOD_MATCH = YES;
				COPY_PHASE_STRIP = NO;
				DEBUG_INFORMATION_FORMAT = dwarf;
				ENABLE_STRICT_OBJC_MSGSEND = YES;
				ENABLE_TESTABILITY = YES;
				GCC_C_LANGUAGE_STANDARD = gnu11;
				GCC_DYNAMIC_NO_PIC = NO;
				GCC_NO_COMMON_BLOCKS = YES;
				GCC_OPTIMIZATION_LEVEL = 0;
				GCC_PREPROCESSOR_DEFINITIONS = (
					"DEBUG=1",
					"$(inherited)",
				);
				GCC_WARN_64_TO_32_BIT_CONVERSION = YES;
				GCC_WARN_ABOUT_RETURN_TYPE = YES_ERROR;
				GCC_WARN_UNDECLARED_SELECTOR = YES;
				GCC_WARN_UNINITIALIZED_AUTOS = YES_AGGRESSIVE;
				GCC_WARN_UNUSED_FUNCTION = YES;
				GCC_WARN_UNUSED_VARIABLE = YES;
				IPHONEOS_DEPLOYMENT_TARGET = 13.2;
				MTL_ENABLE_DEBUG_INFO = INCLUDE_SOURCE;
				MTL_FAST_MATH = YES;
				ONLY_ACTIVE_ARCH = YES;
				SDKROOT = iphoneos;
				SWIFT_ACTIVE_COMPILATION_CONDITIONS = DEBUG;
				SWIFT_OPTIMIZATION_LEVEL = "-Onone";
			};
			name = Debug;
		};
		9D599A3F23EF711400782414 /* Release */ = {
			isa = XCBuildConfiguration;
			buildSettings = {
				ALWAYS_SEARCH_USER_PATHS = NO;
				CLANG_ANALYZER_NONNULL = YES;
				CLANG_ANALYZER_NUMBER_OBJECT_CONVERSION = YES_AGGRESSIVE;
				CLANG_CXX_LANGUAGE_STANDARD = "gnu++14";
				CLANG_CXX_LIBRARY = "libc++";
				CLANG_ENABLE_MODULES = YES;
				CLANG_ENABLE_OBJC_ARC = YES;
				CLANG_ENABLE_OBJC_WEAK = YES;
				CLANG_WARN_BLOCK_CAPTURE_AUTORELEASING = YES;
				CLANG_WARN_BOOL_CONVERSION = YES;
				CLANG_WARN_COMMA = YES;
				CLANG_WARN_CONSTANT_CONVERSION = YES;
				CLANG_WARN_DEPRECATED_OBJC_IMPLEMENTATIONS = YES;
				CLANG_WARN_DIRECT_OBJC_ISA_USAGE = YES_ERROR;
				CLANG_WARN_DOCUMENTATION_COMMENTS = YES;
				CLANG_WARN_EMPTY_BODY = YES;
				CLANG_WARN_ENUM_CONVERSION = YES;
				CLANG_WARN_INFINITE_RECURSION = YES;
				CLANG_WARN_INT_CONVERSION = YES;
				CLANG_WARN_NON_LITERAL_NULL_CONVERSION = YES;
				CLANG_WARN_OBJC_IMPLICIT_RETAIN_SELF = YES;
				CLANG_WARN_OBJC_LITERAL_CONVERSION = YES;
				CLANG_WARN_OBJC_ROOT_CLASS = YES_ERROR;
				CLANG_WARN_RANGE_LOOP_ANALYSIS = YES;
				CLANG_WARN_STRICT_PROTOTYPES = YES;
				CLANG_WARN_SUSPICIOUS_MOVE = YES;
				CLANG_WARN_UNGUARDED_AVAILABILITY = YES_AGGRESSIVE;
				CLANG_WARN_UNREACHABLE_CODE = YES;
				CLANG_WARN__DUPLICATE_METHOD_MATCH = YES;
				COPY_PHASE_STRIP = NO;
				DEBUG_INFORMATION_FORMAT = "dwarf-with-dsym";
				ENABLE_NS_ASSERTIONS = NO;
				ENABLE_STRICT_OBJC_MSGSEND = YES;
				GCC_C_LANGUAGE_STANDARD = gnu11;
				GCC_NO_COMMON_BLOCKS = YES;
				GCC_WARN_64_TO_32_BIT_CONVERSION = YES;
				GCC_WARN_ABOUT_RETURN_TYPE = YES_ERROR;
				GCC_WARN_UNDECLARED_SELECTOR = YES;
				GCC_WARN_UNINITIALIZED_AUTOS = YES_AGGRESSIVE;
				GCC_WARN_UNUSED_FUNCTION = YES;
				GCC_WARN_UNUSED_VARIABLE = YES;
				IPHONEOS_DEPLOYMENT_TARGET = 13.2;
				MTL_ENABLE_DEBUG_INFO = NO;
				MTL_FAST_MATH = YES;
				SDKROOT = iphoneos;
				SWIFT_COMPILATION_MODE = wholemodule;
				SWIFT_OPTIMIZATION_LEVEL = "-O";
				VALIDATE_PRODUCT = YES;
			};
			name = Release;
		};
		9D599A4123EF711400782414 /* Debug */ = {
			isa = XCBuildConfiguration;
			baseConfigurationReference = B8D43C923964D2467F8A4214 /* Pods-PagesAndPages.debug.xcconfig */;
			buildSettings = {
				ASSETCATALOG_COMPILER_APPICON_NAME = AppIcon;
				CODE_SIGN_STYLE = Automatic;
				DEVELOPMENT_TEAM = FF6U59E7YW;
				INFOPLIST_FILE = Resources/Info.plist;
				LD_RUNPATH_SEARCH_PATHS = (
					"$(inherited)",
					"@executable_path/Frameworks",
				);
				PRODUCT_BUNDLE_IDENTIFIER = com.github.dpoggi.PagesAndPages;
				PRODUCT_NAME = "$(TARGET_NAME)";
				SWIFT_VERSION = 5.0;
				TARGETED_DEVICE_FAMILY = 1;
			};
			name = Debug;
		};
		9D599A4223EF711400782414 /* Release */ = {
			isa = XCBuildConfiguration;
			baseConfigurationReference = 3CEE4F2B1C917BADDABC0C1A /* Pods-PagesAndPages.release.xcconfig */;
			buildSettings = {
				ASSETCATALOG_COMPILER_APPICON_NAME = AppIcon;
				CODE_SIGN_STYLE = Automatic;
				DEVELOPMENT_TEAM = FF6U59E7YW;
				INFOPLIST_FILE = Resources/Info.plist;
				LD_RUNPATH_SEARCH_PATHS = (
					"$(inherited)",
					"@executable_path/Frameworks",
				);
				PRODUCT_BUNDLE_IDENTIFIER = com.github.dpoggi.PagesAndPages;
				PRODUCT_NAME = "$(TARGET_NAME)";
				SWIFT_VERSION = 5.0;
				TARGETED_DEVICE_FAMILY = 1;
			};
			name = Release;
		};
/* End XCBuildConfiguration section */

/* Begin XCConfigurationList section */
		9D599A2723EF711300782414 /* Build configuration list for PBXProject "PagesAndPages" */ = {
			isa = XCConfigurationList;
			buildConfigurations = (
				9D599A3E23EF711400782414 /* Debug */,
				9D599A3F23EF711400782414 /* Release */,
			);
			defaultConfigurationIsVisible = 0;
			defaultConfigurationName = Release;
		};
		9D599A4023EF711400782414 /* Build configuration list for PBXNativeTarget "PagesAndPages" */ = {
			isa = XCConfigurationList;
			buildConfigurations = (
				9D599A4123EF711400782414 /* Debug */,
				9D599A4223EF711400782414 /* Release */,
			);
			defaultConfigurationIsVisible = 0;
			defaultConfigurationName = Release;
		};
/* End XCConfigurationList section */
	};
	rootObject = 9D599A2423EF711300782414 /* Project object */;
}
